// !$*UTF8*$!
{
	archiveVersion = 1;
	classes = {
	};
	objectVersion = 46;
	objects = {
		85F9342F02B137B88711D5D5 = {
			isa = PBXBuildFile;
			fileRef = 0522F3ABF9CC473F24C00E38;
		};
		5835D2BB6BF86869AB2B86F0 = {
			isa = PBXBuildFile;
			fileRef = 786BDE002AEA53217DB0C146;
		};
		8D9D7C33D4D55B85E4547DBC = {
			isa = PBXBuildFile;
			fileRef = 2FB508F08AEAC09E4BCA319B;
		};
		A383F62C9D9E3C43891D804B = {
			isa = PBXBuildFile;
			fileRef = 83618AFE5D9E0396A8BDC091;
		};
		F96B1534B267797F6C0F601C = {
			isa = PBXBuildFile;
			fileRef = A01A0FDD25D236D1E34D915A;
		};
		E8628E1C9496AEBF0F1E1964 = {
			isa = PBXBuildFile;
			fileRef = F07F8E146137D8E132204800;
		};
		FD78C02AD44249F6E2E72091 = {
			isa = PBXBuildFile;
			fileRef = 07A56CDA2583269FB9B5DE2D;
		};
		F5C5A4F726C33384258AA8EC = {
			isa = PBXBuildFile;
			fileRef = D845960133802598DE8CB3CD;
		};
		6485A4EF33760C4033B6B7EF = {
			isa = PBXBuildFile;
			fileRef = 0B9CE35DF1AECC40AF628139;
		};
		C400E4A5EF39F9D2A01ECE60 = {
			isa = PBXBuildFile;
			fileRef = B64B33CE0097A0DF562DEF38;
		};
		AE98D6EAAF702D95BD4138F4 = {
			isa = PBXBuildFile;
			fileRef = 6C005C50F39F80C3A1842515;
		};
		F794BD8E9FD694EF37C4FAFA = {
			isa = PBXBuildFile;
			fileRef = 6B94333AA78D8BB929C18D34;
		};
		38EF4771206C1F83C9684A00 = {
			isa = PBXBuildFile;
			fileRef = 4307EF2D68CB9FE665C369E7;
		};
		71BEFE78BE340BA7E01B8057 = {
			isa = PBXBuildFile;
			fileRef = DF857BD0990B58BE408170BF;
		};
		96DC98D7F5E2D12502B6081C = {
			isa = PBXBuildFile;
			fileRef = B4A7C3A6642D152F76F0BF82;
		};
		176E63CC5D149587759EAC46 = {
			isa = PBXBuildFile;
			fileRef = 16A265E5CDB799A3D83C2E2F;
		};
		DCDF0FC4DCF52EF149717B0D = {
			isa = PBXBuildFile;
			fileRef = 67542D2D812B8A425A4D09CF;
		};
		EFC19F77BA9E9C95F4102BFE = {
			isa = PBXBuildFile;
			fileRef = EDA66B81DD04F2C766D4A540;
		};
		26A104FA1A7661F5DAFDE1DC = {
			isa = PBXBuildFile;
			fileRef = 32B9C44480FDBAE3797B2EC0;
		};
		3FABF446D1F7AB5F0DC8FCF5 = {
			isa = PBXBuildFile;
			fileRef = 5E85257D2E7612C3A072FD4A;
		};
		9BE654E904B79EFD2053D6AD = {
			isa = PBXBuildFile;
			fileRef = 12AC79DADBFE00B8384094A9;
		};
		345F92C5341993EEBC276E6E = {
			isa = PBXBuildFile;
			fileRef = B6F3FDBEA0B485D0C54D71E9;
		};
		34EF477DE8B8831D0D7466FF = {
			isa = PBXBuildFile;
			fileRef = D9C8733E5D8EC58751B387F0;
		};
		6B18692D25A4467BF6AF6173 = {
			isa = PBXBuildFile;
			fileRef = 04248A9F15B09F09B9B018FE;
		};
		813342C5816D05686512FBA8 = {
			isa = PBXBuildFile;
			fileRef = 8B5BE80FD633844B8AF3C7D2;
		};
		04248A9F15B09F09B9B018FE = {
			isa = PBXFileReference;
			lastKnownFileType = sourcecode.cpp.objcpp;
			name = "include_juce_gui_basics.mm";
			path = "../../JuceLibraryCode/include_juce_gui_basics.mm";
			sourceTree = "SOURCE_ROOT";
		};
		0498E48AE86F43C8B0233D7C = {
			isa = PBXFileReference;
			lastKnownFileType = sourcecode.c.h;
			name = AppConfig.h;
			path = ../../JuceLibraryCode/AppConfig.h;
			sourceTree = "SOURCE_ROOT";
		};
		0522F3ABF9CC473F24C00E38 = {
			isa = PBXFileReference;
			explicitFileType = wrapper.application;
			includeInIndex = 0;
			path = AudioThumbnailTutorial.app;
			sourceTree = "BUILT_PRODUCTS_DIR";
		};
		076CA14D954719758C17CD30 = {
			isa = PBXFileReference;
			lastKnownFileType = file;
			name = "juce_audio_processors";
			path = "/Applications/JUCE/modules/juce_audio_processors";
			sourceTree = "<absolute>";
		};
		07A56CDA2583269FB9B5DE2D = {
			isa = PBXFileReference;
			lastKnownFileType = wrapper.framework;
			name = CoreAudioKit.framework;
			path = System/Library/Frameworks/CoreAudioKit.framework;
			sourceTree = SDKROOT;
		};
		0B9CE35DF1AECC40AF628139 = {
			isa = PBXFileReference;
			lastKnownFileType = wrapper.framework;
			name = DiscRecording.framework;
			path = System/Library/Frameworks/DiscRecording.framework;
			sourceTree = SDKROOT;
		};
		12AC79DADBFE00B8384094A9 = {
			isa = PBXFileReference;
			lastKnownFileType = sourcecode.cpp.objcpp;
			name = "include_juce_data_structures.mm";
			path = "../../JuceLibraryCode/include_juce_data_structures.mm";
			sourceTree = "SOURCE_ROOT";
		};
		16A265E5CDB799A3D83C2E2F = {
			isa = PBXFileReference;
			lastKnownFileType = sourcecode.cpp.objcpp;
			name = "include_juce_audio_devices.mm";
			path = "../../JuceLibraryCode/include_juce_audio_devices.mm";
			sourceTree = "SOURCE_ROOT";
		};
		1B0717A14B04AB5CA9166DA1 = {
			isa = PBXFileReference;
			lastKnownFileType = file;
			name = "juce_events";
			path = "/Applications/JUCE/modules/juce_events";
			sourceTree = "<absolute>";
		};
		24597D9045EBB86EB0390F34 = {
			isa = PBXFileReference;
			lastKnownFileType = file;
			name = "juce_gui_basics";
			path = "/Applications/JUCE/modules/juce_gui_basics";
			sourceTree = "<absolute>";
		};
		2FB508F08AEAC09E4BCA319B = {
			isa = PBXFileReference;
			lastKnownFileType = wrapper.framework;
			name = AudioToolbox.framework;
			path = System/Library/Frameworks/AudioToolbox.framework;
			sourceTree = SDKROOT;
		};
		306273D2A9BED3490038C3EB = {
			isa = PBXFileReference;
			lastKnownFileType = file;
			name = "juce_core";
			path = "/Applications/JUCE/modules/juce_core";
			sourceTree = "<absolute>";
		};
		32B9C44480FDBAE3797B2EC0 = {
			isa = PBXFileReference;
			lastKnownFileType = sourcecode.cpp.objcpp;
			name = "include_juce_audio_utils.mm";
			path = "../../JuceLibraryCode/include_juce_audio_utils.mm";
			sourceTree = "SOURCE_ROOT";
		};
		40D7DBE131EE2E76824F10E6 = {
			isa = PBXFileReference;
			lastKnownFileType = file;
			name = "juce_graphics";
			path = "/Applications/JUCE/modules/juce_graphics";
			sourceTree = "<absolute>";
		};
		4307EF2D68CB9FE665C369E7 = {
			isa = PBXFileReference;
			lastKnownFileType = file.nib;
			name = RecentFilesMenuTemplate.nib;
			path = RecentFilesMenuTemplate.nib;
			sourceTree = "SOURCE_ROOT";
		};
		4C2AB6C38269D731802B96E3 = {
			isa = PBXFileReference;
			lastKnownFileType = file;
			name = "juce_audio_formats";
			path = "/Applications/JUCE/modules/juce_audio_formats";
			sourceTree = "<absolute>";
		};
		5E85257D2E7612C3A072FD4A = {
			isa = PBXFileReference;
			lastKnownFileType = sourcecode.cpp.objcpp;
			name = "include_juce_core.mm";
			path = "../../JuceLibraryCode/include_juce_core.mm";
			sourceTree = "SOURCE_ROOT";
		};
		67542D2D812B8A425A4D09CF = {
			isa = PBXFileReference;
			lastKnownFileType = sourcecode.cpp.objcpp;
			name = "include_juce_audio_formats.mm";
			path = "../../JuceLibraryCode/include_juce_audio_formats.mm";
			sourceTree = "SOURCE_ROOT";
		};
		6B94333AA78D8BB929C18D34 = {
			isa = PBXFileReference;
			lastKnownFileType = wrapper.framework;
			name = WebKit.framework;
			path = System/Library/Frameworks/WebKit.framework;
			sourceTree = SDKROOT;
		};
		6C005C50F39F80C3A1842515 = {
			isa = PBXFileReference;
			lastKnownFileType = wrapper.framework;
			name = QuartzCore.framework;
			path = System/Library/Frameworks/QuartzCore.framework;
			sourceTree = SDKROOT;
		};
		7402FE910F29E18DFCDF1D28 = {
			isa = PBXFileReference;
			lastKnownFileType = file;
			name = "juce_data_structures";
			path = "/Applications/JUCE/modules/juce_data_structures";
			sourceTree = "<absolute>";
		};
		786BDE002AEA53217DB0C146 = {
			isa = PBXFileReference;
			lastKnownFileType = wrapper.framework;
			name = Accelerate.framework;
			path = System/Library/Frameworks/Accelerate.framework;
			sourceTree = SDKROOT;
		};
		7A775864710E122EACD8BDA8 = {
			isa = PBXFileReference;
			lastKnownFileType = file;
			name = "juce_audio_basics";
			path = "/Applications/JUCE/modules/juce_audio_basics";
			sourceTree = "<absolute>";
		};
		833B4FD77E9B46DC1B1D82A4 = {
			isa = PBXFileReference;
			lastKnownFileType = file;
			name = "juce_audio_utils";
			path = "/Applications/JUCE/modules/juce_audio_utils";
			sourceTree = "<absolute>";
		};
		83618AFE5D9E0396A8BDC091 = {
			isa = PBXFileReference;
			lastKnownFileType = wrapper.framework;
			name = Carbon.framework;
			path = System/Library/Frameworks/Carbon.framework;
			sourceTree = SDKROOT;
		};
		86AC04DB3721B9C0CC492346 = {
			isa = PBXFileReference;
			lastKnownFileType = file;
			name = "juce_gui_extra";
			path = "/Applications/JUCE/modules/juce_gui_extra";
			sourceTree = "<absolute>";
		};
		897E8136CCEAB683520BE42C = {
			isa = PBXFileReference;
			lastKnownFileType = sourcecode.c.h;
			name = JuceHeader.h;
			path = ../../JuceLibraryCode/JuceHeader.h;
			sourceTree = "SOURCE_ROOT";
		};
		8A078E5655768B6DAFB526B0 = {
			isa = PBXFileReference;
			lastKnownFileType = sourcecode.c.h;
			name = "AudioThumbnailTutorial_01.h";
			path = "../../Source/AudioThumbnailTutorial_01.h";
			sourceTree = "SOURCE_ROOT";
		};
		8AF65CE5981BB575142D37A5 = {
			isa = PBXFileReference;
			lastKnownFileType = text.plist.xml;
			name = "Info-App.plist";
			path = "Info-App.plist";
			sourceTree = "SOURCE_ROOT";
		};
		8B5BE80FD633844B8AF3C7D2 = {
			isa = PBXFileReference;
			lastKnownFileType = sourcecode.cpp.objcpp;
			name = "include_juce_gui_extra.mm";
			path = "../../JuceLibraryCode/include_juce_gui_extra.mm";
			sourceTree = "SOURCE_ROOT";
		};
		A01A0FDD25D236D1E34D915A = {
			isa = PBXFileReference;
			lastKnownFileType = wrapper.framework;
			name = Cocoa.framework;
			path = System/Library/Frameworks/Cocoa.framework;
			sourceTree = SDKROOT;
		};
		AC1327BAE0F6C1DB2EC686FC = {
			isa = PBXFileReference;
			lastKnownFileType = file;
			name = "juce_audio_devices";
			path = "/Applications/JUCE/modules/juce_audio_devices";
			sourceTree = "<absolute>";
		};
		B4A7C3A6642D152F76F0BF82 = {
			isa = PBXFileReference;
			lastKnownFileType = sourcecode.cpp.objcpp;
			name = "include_juce_audio_basics.mm";
			path = "../../JuceLibraryCode/include_juce_audio_basics.mm";
			sourceTree = "SOURCE_ROOT";
		};
		B64B33CE0097A0DF562DEF38 = {
			isa = PBXFileReference;
			lastKnownFileType = wrapper.framework;
			name = IOKit.framework;
			path = System/Library/Frameworks/IOKit.framework;
			sourceTree = SDKROOT;
		};
		B6F3FDBEA0B485D0C54D71E9 = {
			isa = PBXFileReference;
			lastKnownFileType = sourcecode.cpp.objcpp;
			name = "include_juce_events.mm";
			path = "../../JuceLibraryCode/include_juce_events.mm";
			sourceTree = "SOURCE_ROOT";
		};
		D845960133802598DE8CB3CD = {
			isa = PBXFileReference;
			lastKnownFileType = wrapper.framework;
			name = CoreMIDI.framework;
			path = System/Library/Frameworks/CoreMIDI.framework;
			sourceTree = SDKROOT;
		};
		D9C8733E5D8EC58751B387F0 = {
			isa = PBXFileReference;
			lastKnownFileType = sourcecode.cpp.objcpp;
			name = "include_juce_graphics.mm";
			path = "../../JuceLibraryCode/include_juce_graphics.mm";
			sourceTree = "SOURCE_ROOT";
		};
		DF857BD0990B58BE408170BF = {
			isa = PBXFileReference;
			lastKnownFileType = sourcecode.cpp.cpp;
			name = Main.cpp;
			path = ../../Source/Main.cpp;
			sourceTree = "SOURCE_ROOT";
		};
		EDA66B81DD04F2C766D4A540 = {
			isa = PBXFileReference;
			lastKnownFileType = sourcecode.cpp.objcpp;
			name = "include_juce_audio_processors.mm";
			path = "../../JuceLibraryCode/include_juce_audio_processors.mm";
			sourceTree = "SOURCE_ROOT";
		};
		F07F8E146137D8E132204800 = {
			isa = PBXFileReference;
			lastKnownFileType = wrapper.framework;
			name = CoreAudio.framework;
			path = System/Library/Frameworks/CoreAudio.framework;
			sourceTree = SDKROOT;
		};
		9C56F5661C064C8DFFB3FFB9 = {
			isa = PBXGroup;
			children = (
				DF857BD0990B58BE408170BF,
				8A078E5655768B6DAFB526B0,
			);
			name = Source;
			sourceTree = "<group>";
		};
		406C35869CCC9A1252C543EA = {
			isa = PBXGroup;
			children = (
				9C56F5661C064C8DFFB3FFB9,
			);
			name = AudioThumbnailTutorial;
			sourceTree = "<group>";
		};
		10C8852D02AD9BB5CA51C6BD = {
			isa = PBXGroup;
			children = (
				7A775864710E122EACD8BDA8,
				AC1327BAE0F6C1DB2EC686FC,
				4C2AB6C38269D731802B96E3,
				076CA14D954719758C17CD30,
				833B4FD77E9B46DC1B1D82A4,
				306273D2A9BED3490038C3EB,
				7402FE910F29E18DFCDF1D28,
				1B0717A14B04AB5CA9166DA1,
				40D7DBE131EE2E76824F10E6,
				24597D9045EBB86EB0390F34,
				86AC04DB3721B9C0CC492346,
			);
			name = "JUCE Modules";
			sourceTree = "<group>";
		};
		A039AC8285F483E418FDBF35 = {
			isa = PBXGroup;
			children = (
				0498E48AE86F43C8B0233D7C,
				B4A7C3A6642D152F76F0BF82,
				16A265E5CDB799A3D83C2E2F,
				67542D2D812B8A425A4D09CF,
				EDA66B81DD04F2C766D4A540,
				32B9C44480FDBAE3797B2EC0,
				5E85257D2E7612C3A072FD4A,
				12AC79DADBFE00B8384094A9,
				B6F3FDBEA0B485D0C54D71E9,
				D9C8733E5D8EC58751B387F0,
				04248A9F15B09F09B9B018FE,
				8B5BE80FD633844B8AF3C7D2,
				897E8136CCEAB683520BE42C,
			);
			name = "JUCE Library Code";
			sourceTree = "<group>";
		};
		72B0CA282F6B22EB720695EC = {
			isa = PBXGroup;
			children = (
				8AF65CE5981BB575142D37A5,
				4307EF2D68CB9FE665C369E7,
			);
			name = Resources;
			sourceTree = "<group>";
		};
		16FD69D6F55247B5330DA3AB = {
			isa = PBXGroup;
			children = (
				786BDE002AEA53217DB0C146,
				2FB508F08AEAC09E4BCA319B,
				83618AFE5D9E0396A8BDC091,
				A01A0FDD25D236D1E34D915A,
				F07F8E146137D8E132204800,
				07A56CDA2583269FB9B5DE2D,
				D845960133802598DE8CB3CD,
				0B9CE35DF1AECC40AF628139,
				B64B33CE0097A0DF562DEF38,
				6C005C50F39F80C3A1842515,
				6B94333AA78D8BB929C18D34,
			);
			name = Frameworks;
			sourceTree = "<group>";
		};
		769A92EA1F6DA8685809A672 = {
			isa = PBXGroup;
			children = (
				0522F3ABF9CC473F24C00E38,
			);
			name = Products;
			sourceTree = "<group>";
		};
		C9DC3A2EB895DBDC6D29E319 = {
			isa = PBXGroup;
			children = (
				406C35869CCC9A1252C543EA,
				10C8852D02AD9BB5CA51C6BD,
				A039AC8285F483E418FDBF35,
				72B0CA282F6B22EB720695EC,
				16FD69D6F55247B5330DA3AB,
				769A92EA1F6DA8685809A672,
			);
			name = Source;
			sourceTree = "<group>";
		};
		DA663D99F6B9584C6E5A5564 = {
			isa = XCBuildConfiguration;
			buildSettings = {
				CLANG_CXX_LANGUAGE_STANDARD = "c++14";
				CLANG_CXX_LIBRARY = "libc++";
				CLANG_LINK_OBJC_RUNTIME = NO;
				CODE_SIGN_IDENTITY = "";
				COMBINE_HIDPI_IMAGES = YES;
				CONFIGURATION_BUILD_DIR = "$(PROJECT_DIR)/build/$(CONFIGURATION)";
				COPY_PHASE_STRIP = NO;
				GCC_DYNAMIC_NO_PIC = NO;
				GCC_OPTIMIZATION_LEVEL = 0;
				GCC_PREPROCESSOR_DEFINITIONS = (
					"_DEBUG=1",
					"DEBUG=1",
					"JUCER_XCODE_MAC_F6D2F4CF=1",
					"JUCE_APP_VERSION=1.0.0",
					"JUCE_APP_VERSION_HEX=0x10000",
					"JucePlugin_Build_VST=0",
					"JucePlugin_Build_VST3=0",
					"JucePlugin_Build_AU=0",
					"JucePlugin_Build_AUv3=0",
					"JucePlugin_Build_RTAS=0",
					"JucePlugin_Build_AAX=0",
					"JucePlugin_Build_Standalone=0",
					"JucePlugin_Build_Unity=0",
				);
				GCC_VERSION = com.apple.compilers.llvm.clang.1_0;
				HEADER_SEARCH_PATHS = (
					"../../JuceLibraryCode",
					"/Applications/JUCE/modules",
					"$(inherited)",
				);
				INFOPLIST_FILE = Info-App.plist;
				INFOPLIST_PREPROCESS = NO;
				INSTALL_PATH = "$(HOME)/Applications";
				MACOSX_DEPLOYMENT_TARGET = 10.11;
				PRODUCT_BUNDLE_IDENTIFIER = com.JUCE.AudioThumbnailTutorial;
				PRODUCT_NAME = "AudioThumbnailTutorial";
				USE_HEADERMAP = NO;
			};
			name = Debug;
		};
		74196C353A9931FAB6297E4D = {
			isa = XCBuildConfiguration;
			buildSettings = {
				CLANG_CXX_LANGUAGE_STANDARD = "c++14";
				CLANG_CXX_LIBRARY = "libc++";
				CLANG_LINK_OBJC_RUNTIME = NO;
				CODE_SIGN_IDENTITY = "";
				COMBINE_HIDPI_IMAGES = YES;
				CONFIGURATION_BUILD_DIR = "$(PROJECT_DIR)/build/$(CONFIGURATION)";
				DEAD_CODE_STRIPPING = YES;
				GCC_GENERATE_DEBUGGING_SYMBOLS = NO;
				GCC_OPTIMIZATION_LEVEL = 3;
				GCC_PREPROCESSOR_DEFINITIONS = (
					"_NDEBUG=1",
					"NDEBUG=1",
					"JUCER_XCODE_MAC_F6D2F4CF=1",
					"JUCE_APP_VERSION=1.0.0",
					"JUCE_APP_VERSION_HEX=0x10000",
					"JucePlugin_Build_VST=0",
					"JucePlugin_Build_VST3=0",
					"JucePlugin_Build_AU=0",
					"JucePlugin_Build_AUv3=0",
					"JucePlugin_Build_RTAS=0",
					"JucePlugin_Build_AAX=0",
					"JucePlugin_Build_Standalone=0",
					"JucePlugin_Build_Unity=0",
				);
				GCC_SYMBOLS_PRIVATE_EXTERN = YES;
				GCC_VERSION = com.apple.compilers.llvm.clang.1_0;
				HEADER_SEARCH_PATHS = (
					"../../JuceLibraryCode",
					"/Applications/JUCE/modules",
					"$(inherited)",
				);
				INFOPLIST_FILE = Info-App.plist;
				INFOPLIST_PREPROCESS = NO;
				INSTALL_PATH = "$(HOME)/Applications";
				LLVM_LTO = YES;
				MACOSX_DEPLOYMENT_TARGET = 10.11;
				PRODUCT_BUNDLE_IDENTIFIER = com.JUCE.AudioThumbnailTutorial;
				PRODUCT_NAME = "AudioThumbnailTutorial";
				USE_HEADERMAP = NO;
			};
			name = Release;
		};
		A9550CF2C4BBBFAFC71DAAD0 = {
			isa = XCBuildConfiguration;
			buildSettings = {
				ALWAYS_SEARCH_USER_PATHS = NO;
				CLANG_ENABLE_OBJC_WEAK = YES;
				CLANG_WARN_BLOCK_CAPTURE_AUTORELEASING = YES;
				CLANG_WARN_BOOL_CONVERSION = YES;
				CLANG_WARN_COMMA = YES;
				CLANG_WARN_CONSTANT_CONVERSION = YES;
				CLANG_WARN_DEPRECATED_OBJC_IMPLEMENTATIONS = YES;
				CLANG_WARN_EMPTY_BODY = YES;
				CLANG_WARN_ENUM_CONVERSION = YES;
				CLANG_WARN_INFINITE_RECURSION = YES;
				CLANG_WARN_INT_CONVERSION = YES;
				CLANG_WARN_NON_LITERAL_NULL_CONVERSION = YES;
				CLANG_WARN_OBJC_IMPLICIT_RETAIN_SELF = YES;
				CLANG_WARN_OBJC_LITERAL_CONVERSION = YES;
				CLANG_WARN_RANGE_LOOP_ANALYSIS = YES;
				CLANG_WARN_STRICT_PROTOTYPES = YES;
				CLANG_WARN_SUSPICIOUS_MOVE = YES;
				CLANG_WARN_UNREACHABLE_CODE = YES;
				CLANG_WARN__DUPLICATE_METHOD_MATCH = YES;
				CODE_SIGN_IDENTITY = "";
				DEBUG_INFORMATION_FORMAT = dwarf;
				ENABLE_STRICT_OBJC_MSGSEND = YES;
				ENABLE_TESTABILITY = YES;
				GCC_C_LANGUAGE_STANDARD = c11;
				GCC_INLINES_ARE_PRIVATE_EXTERN = YES;
				GCC_MODEL_TUNING = G5;
				GCC_NO_COMMON_BLOCKS = YES;
				GCC_WARN_64_TO_32_BIT_CONVERSION = YES;
				GCC_WARN_ABOUT_RETURN_TYPE = YES;
				GCC_WARN_CHECK_SWITCH_STATEMENTS = YES;
				GCC_WARN_MISSING_PARENTHESES = YES;
				GCC_WARN_NON_VIRTUAL_DESTRUCTOR = YES;
				GCC_WARN_TYPECHECK_CALLS_TO_PRINTF = YES;
				GCC_WARN_UNDECLARED_SELECTOR = YES;
				GCC_WARN_UNINITIALIZED_AUTOS = YES;
				GCC_WARN_UNUSED_FUNCTION = YES;
				GCC_WARN_UNUSED_VARIABLE = YES;
				ONLY_ACTIVE_ARCH = YES;
				PRODUCT_NAME = "AudioThumbnailTutorial";
				SDKROOT = macosx;
				WARNING_CFLAGS = "-Wreorder";
				ZERO_LINK = NO;
			};
			name = Debug;
		};
		2346992CA92815EF6ECE05ED = {
			isa = XCBuildConfiguration;
			buildSettings = {
				ALWAYS_SEARCH_USER_PATHS = NO;
				CLANG_ENABLE_OBJC_WEAK = YES;
				CLANG_WARN_BLOCK_CAPTURE_AUTORELEASING = YES;
				CLANG_WARN_BOOL_CONVERSION = YES;
				CLANG_WARN_COMMA = YES;
				CLANG_WARN_CONSTANT_CONVERSION = YES;
				CLANG_WARN_DEPRECATED_OBJC_IMPLEMENTATIONS = YES;
				CLANG_WARN_EMPTY_BODY = YES;
				CLANG_WARN_ENUM_CONVERSION = YES;
				CLANG_WARN_INFINITE_RECURSION = YES;
				CLANG_WARN_INT_CONVERSION = YES;
				CLANG_WARN_NON_LITERAL_NULL_CONVERSION = YES;
				CLANG_WARN_OBJC_IMPLICIT_RETAIN_SELF = YES;
				CLANG_WARN_OBJC_LITERAL_CONVERSION = YES;
				CLANG_WARN_RANGE_LOOP_ANALYSIS = YES;
				CLANG_WARN_STRICT_PROTOTYPES = YES;
				CLANG_WARN_SUSPICIOUS_MOVE = YES;
				CLANG_WARN_UNREACHABLE_CODE = YES;
				CLANG_WARN__DUPLICATE_METHOD_MATCH = YES;
				CODE_SIGN_IDENTITY = "";
				DEBUG_INFORMATION_FORMAT = dwarf;
				ENABLE_STRICT_OBJC_MSGSEND = YES;
				GCC_C_LANGUAGE_STANDARD = c11;
				GCC_INLINES_ARE_PRIVATE_EXTERN = YES;
				GCC_MODEL_TUNING = G5;
				GCC_NO_COMMON_BLOCKS = YES;
				GCC_WARN_64_TO_32_BIT_CONVERSION = YES;
				GCC_WARN_ABOUT_RETURN_TYPE = YES;
				GCC_WARN_CHECK_SWITCH_STATEMENTS = YES;
				GCC_WARN_MISSING_PARENTHESES = YES;
				GCC_WARN_NON_VIRTUAL_DESTRUCTOR = YES;
				GCC_WARN_TYPECHECK_CALLS_TO_PRINTF = YES;
				GCC_WARN_UNDECLARED_SELECTOR = YES;
				GCC_WARN_UNINITIALIZED_AUTOS = YES;
				GCC_WARN_UNUSED_FUNCTION = YES;
				GCC_WARN_UNUSED_VARIABLE = YES;
				PRODUCT_NAME = "AudioThumbnailTutorial";
				SDKROOT = macosx;
				WARNING_CFLAGS = "-Wreorder";
				ZERO_LINK = NO;
			};
			name = Release;
		};
		9F828E4C9F515FC17DB7695C = {
			isa = PBXTargetDependency;
			target = 98F44D694F07C54D17A7181D;
		};
		61CDD8461FC8B68151DF01E8 = {
			isa = XCConfigurationList;
			buildConfigurations = (
				A9550CF2C4BBBFAFC71DAAD0,
				2346992CA92815EF6ECE05ED,
			);
			defaultConfigurationIsVisible = 0;
			defaultConfigurationName = Debug;
		};
		25C7D9249D07EA452654DC73 = {
			isa = XCConfigurationList;
			buildConfigurations = (
				DA663D99F6B9584C6E5A5564,
				74196C353A9931FAB6297E4D,
			);
			defaultConfigurationIsVisible = 0;
			defaultConfigurationName = Debug;
		};
		A3320CCA02467DFAB59612C8 = {
			isa = PBXResourcesBuildPhase;
			buildActionMask = 2147483647;
			files = (
				38EF4771206C1F83C9684A00,
			);
			runOnlyForDeploymentPostprocessing = 0;
		};
		BB7CF33013C5EC5E36E6F0FB = {
			isa = PBXSourcesBuildPhase;
			buildActionMask = 2147483647;
			files = (
				71BEFE78BE340BA7E01B8057,
				96DC98D7F5E2D12502B6081C,
				176E63CC5D149587759EAC46,
				DCDF0FC4DCF52EF149717B0D,
				EFC19F77BA9E9C95F4102BFE,
				26A104FA1A7661F5DAFDE1DC,
				3FABF446D1F7AB5F0DC8FCF5,
				9BE654E904B79EFD2053D6AD,
				345F92C5341993EEBC276E6E,
				34EF477DE8B8831D0D7466FF,
				6B18692D25A4467BF6AF6173,
				813342C5816D05686512FBA8,
			);
			runOnlyForDeploymentPostprocessing = 0;
		};
		9983643D05B6223CEEFD0F8C = {
			isa = PBXFrameworksBuildPhase;
			buildActionMask = 2147483647;
			files = (
				5835D2BB6BF86869AB2B86F0,
				8D9D7C33D4D55B85E4547DBC,
				A383F62C9D9E3C43891D804B,
				F96B1534B267797F6C0F601C,
				E8628E1C9496AEBF0F1E1964,
				FD78C02AD44249F6E2E72091,
				F5C5A4F726C33384258AA8EC,
				6485A4EF33760C4033B6B7EF,
				C400E4A5EF39F9D2A01ECE60,
				AE98D6EAAF702D95BD4138F4,
				F794BD8E9FD694EF37C4FAFA,
			);
			runOnlyForDeploymentPostprocessing = 0;
		};
		98F44D694F07C54D17A7181D = {
			isa = PBXNativeTarget;
			buildConfigurationList = 25C7D9249D07EA452654DC73;
			buildPhases = (
				A3320CCA02467DFAB59612C8,
				BB7CF33013C5EC5E36E6F0FB,
				9983643D05B6223CEEFD0F8C,
			);
			buildRules = ( );
			dependencies = ( );
			name = "AudioThumbnailTutorial - App";
			productName = AudioThumbnailTutorial;
			productReference = 0522F3ABF9CC473F24C00E38;
			productType = "com.apple.product-type.application";
		};
		F1E30472F6C33A39381A0B66 = {
			isa = PBXProject;
			buildConfigurationList = 61CDD8461FC8B68151DF01E8;
			attributes = { LastUpgradeCheck = 1100; ORGANIZATIONNAME = "JUCE"; TargetAttributes = { 98F44D694F07C54D17A7181D = { SystemCapabilities = {com.apple.ApplicationGroups.iOS = { enabled = 0; }; com.apple.InAppPurchase = { enabled = 0; }; com.apple.InterAppAudio = { enabled = 0; }; com.apple.Push = { enabled = 0; }; com.apple.Sandbox = { enabled = 0; }; com.apple.HardenedRuntime = { enabled = 0; }; }; }; }; };
			compatibilityVersion = "Xcode 3.2";
			hasScannedForEncodings = 0;
			mainGroup = C9DC3A2EB895DBDC6D29E319;
			projectDirPath = "";
			projectRoot = "";
			targets = (98F44D694F07C54D17A7181D);
			knownRegions = (en, Base);
		};
	};
	rootObject = F1E30472F6C33A39381A0B66;
}
